<?xml version="1.0" encoding="UTF-8" standalone="yes" ?>
<CodeBlocks_project_file>
	<FileVersion major="1" minor="6" />
	<Project>
		<Option title="gf01" />
		<Option pch_mode="2" />
		<Option compiler="gcc" />
		<Build>
			<Target title="Debug">
				<Option output="bin/Debug/gf01" prefix_auto="1" extension_auto="1" />
				<Option object_output="obj/Debug/" />
				<Option type="0" />
				<Option compiler="gcc" />
				<Option projectLinkerOptionsRelation="2" />
				<Compiler>
					<Add option="-g" />
				</Compiler>
			</Target>
			<Target title="Release">
				<Option output="bin/Release/gf01" prefix_auto="1" extension_auto="1" />
				<Option object_output="obj/Release/" />
				<Option type="0" />
				<Option compiler="gcc" />
				<Option projectLinkerOptionsRelation="2" />
				<Compiler>
					<Add option="-O2" />
				</Compiler>
				<Linker>
					<Add option="-s" />
				</Linker>
			</Target>
		</Build>
		<Compiler>
			<Add option="`wx-config --cflags`" />
			<Add option="-Wall" />
		</Compiler>
		<Linker>
			<Add option="`wx-config --libs`" />
		</Linker>
		<Unit filename="dlgCppProj.cpp" />
		<Unit filename="dlgCppProj.h" />
		<Unit filename="gf01App.cpp" />
		<Unit filename="gf01App.h" />
		<Unit filename="gf01Main.cpp" />
		<Unit filename="gf01Main.h" />
		<Unit filename="wxsmith/dlgCppProj1.wxs" />
		<Unit filename="wxsmith/gf01frame.wxs" />
		<Extensions>
			<wxsmith version="1">
				<gui name="wxWidgets" src="gf01App.cpp" main="gf01Frame" init_handlers="necessary" language="CPP" />
				<resources>
					<wxFrame wxs="wxsmith/gf01frame.wxs" src="gf01Main.cpp" hdr="gf01Main.h" fwddecl="0" i18n="1" name="gf01Frame" language="CPP" />
					<wxDialog wxs="wxsmith/dlgCppProj1.wxs" src="dlgCppProj.cpp" hdr="dlgCppProj.h" fwddecl="0" i18n="1" name="dlgCppProj" language="CPP" />
				</resources>
			</wxsmith>
		</Extensions>
	</Project>
</CodeBlocks_project_file>
